{
  "pins" : [
    {
      "identity" : "corestore",
      "kind" : "remoteSourceControl",
      "location" : "https://github.com/JohnEstropia/CoreStore.git",
      "state" : {
        "revision" : "496145761ab30e8cf1c44220c0882b95e6b41077",
        "version" : "8.1.0"
      }
    }
  ],
  "version" : 2
}
